lockfileVersion: 5.4

specifiers:
  '@types/koa': ^2.13.6
  '@types/node': ^20.4.4
  cross-env: ^7.0.3
  koa: ^2.14.2
  typescript: ^5.1.6
  vite: ^4.4.7

dependencies:
  koa: mirrors.tencent.com/koa/2.14.2

devDependencies:
  '@types/koa': mirrors.tencent.com/@types/koa/2.13.6
  '@types/node': mirrors.tencent.com/@types/node/20.4.4
  cross-env: mirrors.tencent.com/cross-env/7.0.3
  typescript: mirrors.tencent.com/typescript/5.1.6
  vite: mirrors.tencent.com/vite/4.4.7_@types+node@20.4.4

packages:

  /inherits/2.0.4:
    resolution: {integrity: sha512-k/vGaX4/Yla3WzyMCvTQOXYeIHvqOKtnqBduzTHpzpQZzAskKMhZ2K+EnBiSM9zGSoIFeMpXKxa4dYeZIQqewQ==}
    dev: false

  mirrors.tencent.com/@esbuild/android-arm/0.18.16:
    resolution: {integrity: sha512-gCHjjQmA8L0soklKbLKA6pgsLk1byULuHe94lkZDzcO3/Ta+bbeewJioEn1Fr7kgy9NWNFy/C+MrBwC6I/WCug==, registry: http://mirrors.cloud.tencent.com/npm/, tarball: https://mirrors.tencent.com/npm/@esbuild/android-arm/-/android-arm-0.18.16.tgz}
    name: '@esbuild/android-arm'
    version: 0.18.16
    engines: {node: '>=12'}
    cpu: [arm]
    os: [android]
    requiresBuild: true
    dev: true
    optional: true

  mirrors.tencent.com/@esbuild/android-arm64/0.18.16:
    resolution: {integrity: sha512-wsCqSPqLz+6Ov+OM4EthU43DyYVVyfn15S4j1bJzylDpc1r1jZFFfJQNfDuT8SlgwuqpmpJXK4uPlHGw6ve7eA==, registry: http://mirrors.cloud.tencent.com/npm/, tarball: https://mirrors.tencent.com/npm/@esbuild/android-arm64/-/android-arm64-0.18.16.tgz}
    name: '@esbuild/android-arm64'
    version: 0.18.16
    engines: {node: '>=12'}
    cpu: [arm64]
    os: [android]
    requiresBuild: true
    dev: true
    optional: true

  mirrors.tencent.com/@esbuild/android-x64/0.18.16:
    resolution: {integrity: sha512-ldsTXolyA3eTQ1//4DS+E15xl0H/3DTRJaRL0/0PgkqDsI0fV/FlOtD+h0u/AUJr+eOTlZv4aC9gvfppo3C4sw==, registry: http://mirrors.cloud.tencent.com/npm/, tarball: https://mirrors.tencent.com/npm/@esbuild/android-x64/-/android-x64-0.18.16.tgz}
    name: '@esbuild/android-x64'
    version: 0.18.16
    engines: {node: '>=12'}
    cpu: [x64]
    os: [android]
    requiresBuild: true
    dev: true
    optional: true

  mirrors.tencent.com/@esbuild/darwin-arm64/0.18.16:
    resolution: {integrity: sha512-aBxruWCII+OtluORR/KvisEw0ALuw/qDQWvkoosA+c/ngC/Kwk0lLaZ+B++LLS481/VdydB2u6tYpWxUfnLAIw==, registry: http://mirrors.cloud.tencent.com/npm/, tarball: https://mirrors.tencent.com/npm/@esbuild/darwin-arm64/-/darwin-arm64-0.18.16.tgz}
    name: '@esbuild/darwin-arm64'
    version: 0.18.16
    engines: {node: '>=12'}
    cpu: [arm64]
    os: [darwin]
    requiresBuild: true
    dev: true
    optional: true

  mirrors.tencent.com/@esbuild/darwin-x64/0.18.16:
    resolution: {integrity: sha512-6w4Dbue280+rp3LnkgmriS1icOUZDyPuZo/9VsuMUTns7SYEiOaJ7Ca1cbhu9KVObAWfmdjUl4gwy9TIgiO5eA==, registry: http://mirrors.cloud.tencent.com/npm/, tarball: https://mirrors.tencent.com/npm/@esbuild/darwin-x64/-/darwin-x64-0.18.16.tgz}
    name: '@esbuild/darwin-x64'
    version: 0.18.16
    engines: {node: '>=12'}
    cpu: [x64]
    os: [darwin]
    requiresBuild: true
    dev: true
    optional: true

  mirrors.tencent.com/@esbuild/freebsd-arm64/0.18.16:
    resolution: {integrity: sha512-x35fCebhe9s979DGKbVAwXUOcTmCIE32AIqB9CB1GralMIvxdnMLAw5CnID17ipEw9/3MvDsusj/cspYt2ZLNQ==, registry: http://mirrors.cloud.tencent.com/npm/, tarball: https://mirrors.tencent.com/npm/@esbuild/freebsd-arm64/-/freebsd-arm64-0.18.16.tgz}
    name: '@esbuild/freebsd-arm64'
    version: 0.18.16
    engines: {node: '>=12'}
    cpu: [arm64]
    os: [freebsd]
    requiresBuild: true
    dev: true
    optional: true

  mirrors.tencent.com/@esbuild/freebsd-x64/0.18.16:
    resolution: {integrity: sha512-YM98f+PeNXF3GbxIJlUsj+McUWG1irguBHkszCIwfr3BXtXZsXo0vqybjUDFfu9a8Wr7uUD/YSmHib+EeGAFlg==, registry: http://mirrors.cloud.tencent.com/npm/, tarball: https://mirrors.tencent.com/npm/@esbuild/freebsd-x64/-/freebsd-x64-0.18.16.tgz}
    name: '@esbuild/freebsd-x64'
    version: 0.18.16
    engines: {node: '>=12'}
    cpu: [x64]
    os: [freebsd]
    requiresBuild: true
    dev: true
    optional: true

  mirrors.tencent.com/@esbuild/linux-arm/0.18.16:
    resolution: {integrity: sha512-b5ABb+5Ha2C9JkeZXV+b+OruR1tJ33ePmv9ZwMeETSEKlmu/WJ45XTTG+l6a2KDsQtJJ66qo/hbSGBtk0XVLHw==, registry: http://mirrors.cloud.tencent.com/npm/, tarball: https://mirrors.tencent.com/npm/@esbuild/linux-arm/-/linux-arm-0.18.16.tgz}
    name: '@esbuild/linux-arm'
    version: 0.18.16
    engines: {node: '>=12'}
    cpu: [arm]
    os: [linux]
    requiresBuild: true
    dev: true
    optional: true

  mirrors.tencent.com/@esbuild/linux-arm64/0.18.16:
    resolution: {integrity: sha512-XIqhNUxJiuy+zsR77+H5Z2f7s4YRlriSJKtvx99nJuG5ATuJPjmZ9n0ANgnGlPCpXGSReFpgcJ7O3SMtzIFeiQ==, registry: http://mirrors.cloud.tencent.com/npm/, tarball: https://mirrors.tencent.com/npm/@esbuild/linux-arm64/-/linux-arm64-0.18.16.tgz}
    name: '@esbuild/linux-arm64'
    version: 0.18.16
    engines: {node: '>=12'}
    cpu: [arm64]
    os: [linux]
    requiresBuild: true
    dev: true
    optional: true

  mirrors.tencent.com/@esbuild/linux-ia32/0.18.16:
    resolution: {integrity: sha512-no+pfEpwnRvIyH+txbBAWtjxPU9grslmTBfsmDndj7bnBmr55rOo/PfQmRfz7Qg9isswt1FP5hBbWb23fRWnow==, registry: http://mirrors.cloud.tencent.com/npm/, tarball: https://mirrors.tencent.com/npm/@esbuild/linux-ia32/-/linux-ia32-0.18.16.tgz}
    name: '@esbuild/linux-ia32'
    version: 0.18.16
    engines: {node: '>=12'}
    cpu: [ia32]
    os: [linux]
    requiresBuild: true
    dev: true
    optional: true

  mirrors.tencent.com/@esbuild/linux-loong64/0.18.16:
    resolution: {integrity: sha512-Zbnczs9ZXjmo0oZSS0zbNlJbcwKXa/fcNhYQjahDs4Xg18UumpXG/lwM2lcSvHS3mTrRyCYZvJbmzYc4laRI1g==, registry: http://mirrors.cloud.tencent.com/npm/, tarball: https://mirrors.tencent.com/npm/@esbuild/linux-loong64/-/linux-loong64-0.18.16.tgz}
    name: '@esbuild/linux-loong64'
    version: 0.18.16
    engines: {node: '>=12'}
    cpu: [loong64]
    os: [linux]
    requiresBuild: true
    dev: true
    optional: true

  mirrors.tencent.com/@esbuild/linux-mips64el/0.18.16:
    resolution: {integrity: sha512-YMF7hih1HVR/hQVa/ot4UVffc5ZlrzEb3k2ip0nZr1w6fnYypll9td2qcoMLvd3o8j3y6EbJM3MyIcXIVzXvQQ==, registry: http://mirrors.cloud.tencent.com/npm/, tarball: https://mirrors.tencent.com/npm/@esbuild/linux-mips64el/-/linux-mips64el-0.18.16.tgz}
    name: '@esbuild/linux-mips64el'
    version: 0.18.16
    engines: {node: '>=12'}
    cpu: [mips64el]
    os: [linux]
    requiresBuild: true
    dev: true
    optional: true

  mirrors.tencent.com/@esbuild/linux-ppc64/0.18.16:
    resolution: {integrity: sha512-Wkz++LZ29lDwUyTSEnzDaaP5OveOgTU69q9IyIw9WqLRxM4BjTBjz9un4G6TOvehWpf/J3gYVFN96TjGHrbcNQ==, registry: http://mirrors.cloud.tencent.com/npm/, tarball: https://mirrors.tencent.com/npm/@esbuild/linux-ppc64/-/linux-ppc64-0.18.16.tgz}
    name: '@esbuild/linux-ppc64'
    version: 0.18.16
    engines: {node: '>=12'}
    cpu: [ppc64]
    os: [linux]
    requiresBuild: true
    dev: true
    optional: true

  mirrors.tencent.com/@esbuild/linux-riscv64/0.18.16:
    resolution: {integrity: sha512-LFMKZ30tk78/mUv1ygvIP+568bwf4oN6reG/uczXnz6SvFn4e2QUFpUpZY9iSJT6Qpgstrhef/nMykIXZtZWGQ==, registry: http://mirrors.cloud.tencent.com/npm/, tarball: https://mirrors.tencent.com/npm/@esbuild/linux-riscv64/-/linux-riscv64-0.18.16.tgz}
    name: '@esbuild/linux-riscv64'
    version: 0.18.16
    engines: {node: '>=12'}
    cpu: [riscv64]
    os: [linux]
    requiresBuild: true
    dev: true
    optional: true

  mirrors.tencent.com/@esbuild/linux-s390x/0.18.16:
    resolution: {integrity: sha512-3ZC0BgyYHYKfZo3AV2/66TD/I9tlSBaW7eWTEIkrQQKfJIifKMMttXl9FrAg+UT0SGYsCRLI35Gwdmm96vlOjg==, registry: http://mirrors.cloud.tencent.com/npm/, tarball: https://mirrors.tencent.com/npm/@esbuild/linux-s390x/-/linux-s390x-0.18.16.tgz}
    name: '@esbuild/linux-s390x'
    version: 0.18.16
    engines: {node: '>=12'}
    cpu: [s390x]
    os: [linux]
    requiresBuild: true
    dev: true
    optional: true

  mirrors.tencent.com/@esbuild/linux-x64/0.18.16:
    resolution: {integrity: sha512-xu86B3647DihHJHv/wx3NCz2Dg1gjQ8bbf9cVYZzWKY+gsvxYmn/lnVlqDRazObc3UMwoHpUhNYaZset4X8IPA==, registry: http://mirrors.cloud.tencent.com/npm/, tarball: https://mirrors.tencent.com/npm/@esbuild/linux-x64/-/linux-x64-0.18.16.tgz}
    name: '@esbuild/linux-x64'
    version: 0.18.16
    engines: {node: '>=12'}
    cpu: [x64]
    os: [linux]
    requiresBuild: true
    dev: true
    optional: true

  mirrors.tencent.com/@esbuild/netbsd-x64/0.18.16:
    resolution: {integrity: sha512-uVAgpimx9Ffw3xowtg/7qQPwHFx94yCje+DoBx+LNm2ePDpQXHrzE+Sb0Si2VBObYz+LcRps15cq+95YM7gkUw==, registry: http://mirrors.cloud.tencent.com/npm/, tarball: https://mirrors.tencent.com/npm/@esbuild/netbsd-x64/-/netbsd-x64-0.18.16.tgz}
    name: '@esbuild/netbsd-x64'
    version: 0.18.16
    engines: {node: '>=12'}
    cpu: [x64]
    os: [netbsd]
    requiresBuild: true
    dev: true
    optional: true

  mirrors.tencent.com/@esbuild/openbsd-x64/0.18.16:
    resolution: {integrity: sha512-6OjCQM9wf7z8/MBi6BOWaTL2AS/SZudsZtBziXMtNI8r/U41AxS9x7jn0ATOwVy08OotwkPqGRMkpPR2wcTJXA==, registry: http://mirrors.cloud.tencent.com/npm/, tarball: https://mirrors.tencent.com/npm/@esbuild/openbsd-x64/-/openbsd-x64-0.18.16.tgz}
    name: '@esbuild/openbsd-x64'
    version: 0.18.16
    engines: {node: '>=12'}
    cpu: [x64]
    os: [openbsd]
    requiresBuild: true
    dev: true
    optional: true

  mirrors.tencent.com/@esbuild/sunos-x64/0.18.16:
    resolution: {integrity: sha512-ZoNkruFYJp9d1LbUYCh8awgQDvB9uOMZqlQ+gGEZR7v6C+N6u7vPr86c+Chih8niBR81Q/bHOSKGBK3brJyvkQ==, registry: http://mirrors.cloud.tencent.com/npm/, tarball: https://mirrors.tencent.com/npm/@esbuild/sunos-x64/-/sunos-x64-0.18.16.tgz}
    name: '@esbuild/sunos-x64'
    version: 0.18.16
    engines: {node: '>=12'}
    cpu: [x64]
    os: [sunos]
    requiresBuild: true
    dev: true
    optional: true

  mirrors.tencent.com/@esbuild/win32-arm64/0.18.16:
    resolution: {integrity: sha512-+j4anzQ9hrs+iqO+/wa8UE6TVkKua1pXUb0XWFOx0FiAj6R9INJ+WE//1/Xo6FG1vB5EpH3ko+XcgwiDXTxcdw==, registry: http://mirrors.cloud.tencent.com/npm/, tarball: https://mirrors.tencent.com/npm/@esbuild/win32-arm64/-/win32-arm64-0.18.16.tgz}
    name: '@esbuild/win32-arm64'
    version: 0.18.16
    engines: {node: '>=12'}
    cpu: [arm64]
    os: [win32]
    requiresBuild: true
    dev: true
    optional: true

  mirrors.tencent.com/@esbuild/win32-ia32/0.18.16:
    resolution: {integrity: sha512-5PFPmq3sSKTp9cT9dzvI67WNfRZGvEVctcZa1KGjDDu4n3H8k59Inbk0du1fz0KrAbKKNpJbdFXQMDUz7BG4rQ==, registry: http://mirrors.cloud.tencent.com/npm/, tarball: https://mirrors.tencent.com/npm/@esbuild/win32-ia32/-/win32-ia32-0.18.16.tgz}
    name: '@esbuild/win32-ia32'
    version: 0.18.16
    engines: {node: '>=12'}
    cpu: [ia32]
    os: [win32]
    requiresBuild: true
    dev: true
    optional: true

  mirrors.tencent.com/@esbuild/win32-x64/0.18.16:
    resolution: {integrity: sha512-sCIVrrtcWN5Ua7jYXNG1xD199IalrbfV2+0k/2Zf2OyV2FtnQnMgdzgpRAbi4AWlKJj1jkX+M+fEGPQj6BQB4w==, registry: http://mirrors.cloud.tencent.com/npm/, tarball: https://mirrors.tencent.com/npm/@esbuild/win32-x64/-/win32-x64-0.18.16.tgz}
    name: '@esbuild/win32-x64'
    version: 0.18.16
    engines: {node: '>=12'}
    cpu: [x64]
    os: [win32]
    requiresBuild: true
    dev: true
    optional: true

  mirrors.tencent.com/@types/accepts/1.3.5:
    resolution: {integrity: sha512-jOdnI/3qTpHABjM5cx1Hc0sKsPoYCp+DP/GJRGtDlPd7fiV9oXGGIcjW/ZOxLIvjGz8MA+uMZI9metHlgqbgwQ==, registry: http://mirrors.cloud.tencent.com/npm/, tarball: https://mirrors.tencent.com/npm/@types/accepts/-/accepts-1.3.5.tgz}
    name: '@types/accepts'
    version: 1.3.5
    dependencies:
      '@types/node': mirrors.tencent.com/@types/node/20.4.4
    dev: true

  mirrors.tencent.com/@types/body-parser/1.19.2:
    resolution: {integrity: sha512-ALYone6pm6QmwZoAgeyNksccT9Q4AWZQ6PvfwR37GT6r6FWUPguq6sUmNGSMV2Wr761oQoBxwGGa6DR5o1DC9g==, registry: http://mirrors.cloud.tencent.com/npm/, tarball: https://mirrors.tencent.com/npm/@types/body-parser/-/body-parser-1.19.2.tgz}
    name: '@types/body-parser'
    version: 1.19.2
    dependencies:
      '@types/connect': mirrors.tencent.com/@types/connect/3.4.35
      '@types/node': mirrors.tencent.com/@types/node/20.4.4
    dev: true

  mirrors.tencent.com/@types/connect/3.4.35:
    resolution: {integrity: sha512-cdeYyv4KWoEgpBISTxWvqYsVy444DOqehiF3fM3ne10AmJ62RSyNkUnxMJXHQWRQQX2eR94m5y1IZyDwBjV9FQ==, registry: http://mirrors.cloud.tencent.com/npm/, tarball: https://mirrors.tencent.com/npm/@types/connect/-/connect-3.4.35.tgz}
    name: '@types/connect'
    version: 3.4.35
    dependencies:
      '@types/node': mirrors.tencent.com/@types/node/20.4.4
    dev: true

  mirrors.tencent.com/@types/content-disposition/0.5.5:
    resolution: {integrity: sha512-v6LCdKfK6BwcqMo+wYW05rLS12S0ZO0Fl4w1h4aaZMD7bqT3gVUns6FvLJKGZHQmYn3SX55JWGpziwJRwVgutA==, registry: http://mirrors.cloud.tencent.com/npm/, tarball: https://mirrors.tencent.com/npm/@types/content-disposition/-/content-disposition-0.5.5.tgz}
    name: '@types/content-disposition'
    version: 0.5.5
    dev: true

  mirrors.tencent.com/@types/cookies/0.7.7:
    resolution: {integrity: sha512-h7BcvPUogWbKCzBR2lY4oqaZbO3jXZksexYJVFvkrFeLgbZjQkU4x8pRq6eg2MHXQhY0McQdqmmsxRWlVAHooA==, registry: http://mirrors.cloud.tencent.com/npm/, tarball: https://mirrors.tencent.com/npm/@types/cookies/-/cookies-0.7.7.tgz}
    name: '@types/cookies'
    version: 0.7.7
    dependencies:
      '@types/connect': mirrors.tencent.com/@types/connect/3.4.35
      '@types/express': mirrors.tencent.com/@types/express/4.17.17
      '@types/keygrip': mirrors.tencent.com/@types/keygrip/1.0.2
      '@types/node': mirrors.tencent.com/@types/node/20.4.4
    dev: true

  mirrors.tencent.com/@types/express-serve-static-core/4.17.35:
    resolution: {integrity: sha512-wALWQwrgiB2AWTT91CB62b6Yt0sNHpznUXeZEcnPU3DRdlDIz74x8Qg1UUYKSVFi+va5vKOLYRBI1bRKiLLKIg==, registry: http://mirrors.cloud.tencent.com/npm/, tarball: https://mirrors.tencent.com/npm/@types/express-serve-static-core/-/express-serve-static-core-4.17.35.tgz}
    name: '@types/express-serve-static-core'
    version: 4.17.35
    dependencies:
      '@types/node': mirrors.tencent.com/@types/node/20.4.4
      '@types/qs': mirrors.tencent.com/@types/qs/6.9.7
      '@types/range-parser': mirrors.tencent.com/@types/range-parser/1.2.4
      '@types/send': mirrors.tencent.com/@types/send/0.17.1
    dev: true

  mirrors.tencent.com/@types/express/4.17.17:
    resolution: {integrity: sha512-Q4FmmuLGBG58btUnfS1c1r/NQdlp3DMfGDGig8WhfpA2YRUtEkxAjkZb0yvplJGYdF1fsQ81iMDcH24sSCNC/Q==, registry: http://mirrors.cloud.tencent.com/npm/, tarball: https://mirrors.tencent.com/npm/@types/express/-/express-4.17.17.tgz}
    name: '@types/express'
    version: 4.17.17
    dependencies:
      '@types/body-parser': mirrors.tencent.com/@types/body-parser/1.19.2
      '@types/express-serve-static-core': mirrors.tencent.com/@types/express-serve-static-core/4.17.35
      '@types/qs': mirrors.tencent.com/@types/qs/6.9.7
      '@types/serve-static': mirrors.tencent.com/@types/serve-static/1.15.2
    dev: true

  mirrors.tencent.com/@types/http-assert/1.5.3:
    resolution: {integrity: sha512-FyAOrDuQmBi8/or3ns4rwPno7/9tJTijVW6aQQjK02+kOQ8zmoNg2XJtAuQhvQcy1ASJq38wirX5//9J1EqoUA==, registry: http://mirrors.cloud.tencent.com/npm/, tarball: https://mirrors.tencent.com/npm/@types/http-assert/-/http-assert-1.5.3.tgz}
    name: '@types/http-assert'
    version: 1.5.3
    dev: true

  mirrors.tencent.com/@types/http-errors/2.0.1:
    resolution: {integrity: sha512-/K3ds8TRAfBvi5vfjuz8y6+GiAYBZ0x4tXv1Av6CWBWn0IlADc+ZX9pMq7oU0fNQPnBwIZl3rmeLp6SBApbxSQ==, registry: http://mirrors.cloud.tencent.com/npm/, tarball: https://mirrors.tencent.com/npm/@types/http-errors/-/http-errors-2.0.1.tgz}
    name: '@types/http-errors'
    version: 2.0.1
    dev: true

  mirrors.tencent.com/@types/keygrip/1.0.2:
    resolution: {integrity: sha512-GJhpTepz2udxGexqos8wgaBx4I/zWIDPh/KOGEwAqtuGDkOUJu5eFvwmdBX4AmB8Odsr+9pHCQqiAqDL/yKMKw==, registry: http://mirrors.cloud.tencent.com/npm/, tarball: https://mirrors.tencent.com/npm/@types/keygrip/-/keygrip-1.0.2.tgz}
    name: '@types/keygrip'
    version: 1.0.2
    dev: true

  mirrors.tencent.com/@types/koa-compose/3.2.5:
    resolution: {integrity: sha512-B8nG/OoE1ORZqCkBVsup/AKcvjdgoHnfi4pZMn5UwAPCbhk/96xyv284eBYW8JlQbQ7zDmnpFr68I/40mFoIBQ==, registry: http://mirrors.cloud.tencent.com/npm/, tarball: https://mirrors.tencent.com/npm/@types/koa-compose/-/koa-compose-3.2.5.tgz}
    name: '@types/koa-compose'
    version: 3.2.5
    dependencies:
      '@types/koa': mirrors.tencent.com/@types/koa/2.13.6
    dev: true

  mirrors.tencent.com/@types/koa/2.13.6:
    resolution: {integrity: sha512-diYUfp/GqfWBAiwxHtYJ/FQYIXhlEhlyaU7lB/bWQrx4Il9lCET5UwpFy3StOAohfsxxvEQ11qIJgT1j2tfBvw==, registry: http://mirrors.cloud.tencent.com/npm/, tarball: https://mirrors.tencent.com/npm/@types/koa/-/koa-2.13.6.tgz}
    name: '@types/koa'
    version: 2.13.6
    dependencies:
      '@types/accepts': mirrors.tencent.com/@types/accepts/1.3.5
      '@types/content-disposition': mirrors.tencent.com/@types/content-disposition/0.5.5
      '@types/cookies': mirrors.tencent.com/@types/cookies/0.7.7
      '@types/http-assert': mirrors.tencent.com/@types/http-assert/1.5.3
      '@types/http-errors': mirrors.tencent.com/@types/http-errors/2.0.1
      '@types/keygrip': mirrors.tencent.com/@types/keygrip/1.0.2
      '@types/koa-compose': mirrors.tencent.com/@types/koa-compose/3.2.5
      '@types/node': mirrors.tencent.com/@types/node/20.4.4
    dev: true

  mirrors.tencent.com/@types/mime/1.3.2:
    resolution: {integrity: sha512-YATxVxgRqNH6nHEIsvg6k2Boc1JHI9ZbH5iWFFv/MTkchz3b1ieGDa5T0a9RznNdI0KhVbdbWSN+KWWrQZRxTw==, registry: http://mirrors.cloud.tencent.com/npm/, tarball: https://mirrors.tencent.com/npm/@types/mime/-/mime-1.3.2.tgz}
    name: '@types/mime'
    version: 1.3.2
    dev: true

  mirrors.tencent.com/@types/mime/3.0.1:
    resolution: {integrity: sha512-Y4XFY5VJAuw0FgAqPNd6NNoV44jbq9Bz2L7Rh/J6jLTiHBSBJa9fxqQIvkIld4GsoDOcCbvzOUAbLPsSKKg+uA==, registry: http://mirrors.cloud.tencent.com/npm/, tarball: https://mirrors.tencent.com/npm/@types/mime/-/mime-3.0.1.tgz}
    name: '@types/mime'
    version: 3.0.1
    dev: true

  mirrors.tencent.com/@types/node/20.4.4:
    resolution: {integrity: sha512-CukZhumInROvLq3+b5gLev+vgpsIqC2D0deQr/yS1WnxvmYLlJXZpaQrQiseMY+6xusl79E04UjWoqyr+t1/Ew==, registry: http://mirrors.cloud.tencent.com/npm/, tarball: https://mirrors.tencent.com/npm/@types/node/-/node-20.4.4.tgz}
    name: '@types/node'
    version: 20.4.4
    dev: true

  mirrors.tencent.com/@types/qs/6.9.7:
    resolution: {integrity: sha512-FGa1F62FT09qcrueBA6qYTrJPVDzah9a+493+o2PCXsesWHIn27G98TsSMs3WPNbZIEj4+VJf6saSFpvD+3Zsw==, registry: http://mirrors.cloud.tencent.com/npm/, tarball: https://mirrors.tencent.com/npm/@types/qs/-/qs-6.9.7.tgz}
    name: '@types/qs'
    version: 6.9.7
    dev: true

  mirrors.tencent.com/@types/range-parser/1.2.4:
    resolution: {integrity: sha512-EEhsLsD6UsDM1yFhAvy0Cjr6VwmpMWqFBCb9w07wVugF7w9nfajxLuVmngTIpgS6svCnm6Vaw+MZhoDCKnOfsw==, registry: http://mirrors.cloud.tencent.com/npm/, tarball: https://mirrors.tencent.com/npm/@types/range-parser/-/range-parser-1.2.4.tgz}
    name: '@types/range-parser'
    version: 1.2.4
    dev: true

  mirrors.tencent.com/@types/send/0.17.1:
    resolution: {integrity: sha512-Cwo8LE/0rnvX7kIIa3QHCkcuF21c05Ayb0ZfxPiv0W8VRiZiNW/WuRupHKpqqGVGf7SUA44QSOUKaEd9lIrd/Q==, registry: http://mirrors.cloud.tencent.com/npm/, tarball: https://mirrors.tencent.com/npm/@types/send/-/send-0.17.1.tgz}
    name: '@types/send'
    version: 0.17.1
    dependencies:
      '@types/mime': mirrors.tencent.com/@types/mime/1.3.2
      '@types/node': mirrors.tencent.com/@types/node/20.4.4
    dev: true

  mirrors.tencent.com/@types/serve-static/1.15.2:
    resolution: {integrity: sha512-J2LqtvFYCzaj8pVYKw8klQXrLLk7TBZmQ4ShlcdkELFKGwGMfevMLneMMRkMgZxotOD9wg497LpC7O8PcvAmfw==, registry: http://mirrors.cloud.tencent.com/npm/, tarball: https://mirrors.tencent.com/npm/@types/serve-static/-/serve-static-1.15.2.tgz}
    name: '@types/serve-static'
    version: 1.15.2
    dependencies:
      '@types/http-errors': mirrors.tencent.com/@types/http-errors/2.0.1
      '@types/mime': mirrors.tencent.com/@types/mime/3.0.1
      '@types/node': mirrors.tencent.com/@types/node/20.4.4
    dev: true

  mirrors.tencent.com/accepts/1.3.8:
    resolution: {integrity: sha512-PYAthTa2m2VKxuvSD3DPC/Gy+U+sOA1LAuT8mkmRuvw+NACSaeXEQ+NHcVF7rONl6qcaxV3Uuemwawk+7+SJLw==, registry: http://mirrors.cloud.tencent.com/npm/, tarball: https://mirrors.tencent.com/npm/accepts/-/accepts-1.3.8.tgz}
    name: accepts
    version: 1.3.8
    engines: {node: '>= 0.6'}
    dependencies:
      mime-types: mirrors.tencent.com/mime-types/2.1.35
      negotiator: mirrors.tencent.com/negotiator/0.6.3
    dev: false

  mirrors.tencent.com/cache-content-type/1.0.1:
    resolution: {integrity: sha512-IKufZ1o4Ut42YUrZSo8+qnMTrFuKkvyoLXUywKz9GJ5BrhOFGhLdkx9sG4KAnVvbY6kEcSFjLQul+DVmBm2bgA==, registry: http://mirrors.cloud.tencent.com/npm/, tarball: https://mirrors.tencent.com/npm/cache-content-type/-/cache-content-type-1.0.1.tgz}
    name: cache-content-type
    version: 1.0.1
    engines: {node: '>= 6.0.0'}
    dependencies:
      mime-types: mirrors.tencent.com/mime-types/2.1.35
      ylru: mirrors.tencent.com/ylru/1.3.2
    dev: false

  mirrors.tencent.com/co/4.6.0:
    resolution: {integrity: sha1-bqa989hTrlTMuOR7+gvz+QMfsYQ=, registry: http://mirrors.cloud.tencent.com/npm/, tarball: https://mirrors.tencent.com/npm/co/-/co-4.6.0.tgz}
    name: co
    version: 4.6.0
    engines: {iojs: '>= 1.0.0', node: '>= 0.12.0'}
    dev: false

  mirrors.tencent.com/content-disposition/0.5.4:
    resolution: {integrity: sha512-FveZTNuGw04cxlAiWbzi6zTAL/lhehaWbTtgluJh4/E95DqMwTmha3KZN1aAWA8cFIhHzMZUvLevkw5Rqk+tSQ==, registry: http://mirrors.cloud.tencent.com/npm/, tarball: https://mirrors.tencent.com/npm/content-disposition/-/content-disposition-0.5.4.tgz}
    name: content-disposition
    version: 0.5.4
    engines: {node: '>= 0.6'}
    dependencies:
      safe-buffer: mirrors.tencent.com/safe-buffer/5.2.1
    dev: false

  mirrors.tencent.com/content-type/1.0.5:
    resolution: {integrity: sha512-nTjqfcBFEipKdXCv4YDQWCfmcLZKm81ldF0pAopTvyrFGVbcR6P/VAAd5G7N+0tTr8QqiU0tFadD6FK4NtJwOA==, registry: http://mirrors.cloud.tencent.com/npm/, tarball: https://mirrors.tencent.com/npm/content-type/-/content-type-1.0.5.tgz}
    name: content-type
    version: 1.0.5
    engines: {node: '>= 0.6'}
    dev: false

  mirrors.tencent.com/cookies/0.8.0:
    resolution: {integrity: sha512-8aPsApQfebXnuI+537McwYsDtjVxGm8gTIzQI3FDW6t5t/DAhERxtnbEPN/8RX+uZthoz4eCOgloXaE5cYyNow==, registry: http://mirrors.cloud.tencent.com/npm/, tarball: https://mirrors.tencent.com/npm/cookies/-/cookies-0.8.0.tgz}
    name: cookies
    version: 0.8.0
    engines: {node: '>= 0.8'}
    dependencies:
      depd: mirrors.tencent.com/depd/2.0.0
      keygrip: mirrors.tencent.com/keygrip/1.1.0
    dev: false

  mirrors.tencent.com/cross-env/7.0.3:
    resolution: {integrity: sha512-+/HKd6EgcQCJGh2PSjZuUitQBQynKor4wrFbRg4DtAgS1aWO+gU52xpH7M9ScGgXSYmAVS9bIJ8EzuaGw0oNAw==, registry: http://mirrors.cloud.tencent.com/npm/, tarball: https://mirrors.tencent.com/npm/cross-env/-/cross-env-7.0.3.tgz}
    name: cross-env
    version: 7.0.3
    engines: {node: '>=10.14', npm: '>=6', yarn: '>=1'}
    hasBin: true
    dependencies:
      cross-spawn: mirrors.tencent.com/cross-spawn/7.0.3
    dev: true

  mirrors.tencent.com/cross-spawn/7.0.3:
    resolution: {integrity: sha512-iRDPJKUPVEND7dHPO8rkbOnPpyDygcDFtWjpeWNCgy8WP2rXcxXL8TskReQl6OrB2G7+UJrags1q15Fudc7G6w==, registry: http://mirrors.cloud.tencent.com/npm/, tarball: https://mirrors.tencent.com/npm/cross-spawn/-/cross-spawn-7.0.3.tgz}
    name: cross-spawn
    version: 7.0.3
    engines: {node: '>= 8'}
    dependencies:
      path-key: mirrors.tencent.com/path-key/3.1.1
      shebang-command: mirrors.tencent.com/shebang-command/2.0.0
      which: mirrors.tencent.com/which/2.0.2
    dev: true

  mirrors.tencent.com/debug/4.3.4:
    resolution: {integrity: sha512-PRWFHuSU3eDtQJPvnNY7Jcket1j0t5OuOsFzPPzsekD52Zl8qUfFIPEiswXqIvHWGVHOgX+7G/vCNNhehwxfkQ==, registry: http://mirrors.cloud.tencent.com/npm/, tarball: https://mirrors.tencent.com/npm/debug/-/debug-4.3.4.tgz}
    name: debug
    version: 4.3.4
    engines: {node: '>=6.0'}
    peerDependencies:
      supports-color: '*'
    peerDependenciesMeta:
      supports-color:
        optional: true
    dependencies:
      ms: mirrors.tencent.com/ms/2.1.2
    dev: false

  mirrors.tencent.com/deep-equal/1.0.1:
    resolution: {integrity: sha1-9dJgKStmDghO/0zbyfCK0yR0SLU=, registry: http://mirrors.cloud.tencent.com/npm/, tarball: https://mirrors.tencent.com/npm/deep-equal/-/deep-equal-1.0.1.tgz}
    name: deep-equal
    version: 1.0.1
    dev: false

  mirrors.tencent.com/delegates/1.0.0:
    resolution: {integrity: sha1-hMbhWbgZBP3KWaDvRM2HDTElD5o=, registry: http://mirrors.cloud.tencent.com/npm/, tarball: https://mirrors.tencent.com/npm/delegates/-/delegates-1.0.0.tgz}
    name: delegates
    version: 1.0.0
    dev: false

  mirrors.tencent.com/depd/1.1.2:
    resolution: {integrity: sha1-m81S4UwJd2PnSbJ0xDRu0uVgtak=, registry: http://mirrors.cloud.tencent.com/npm/, tarball: https://mirrors.tencent.com/npm/depd/-/depd-1.1.2.tgz}
    name: depd
    version: 1.1.2
    engines: {node: '>= 0.6'}
    dev: false

  mirrors.tencent.com/depd/2.0.0:
    resolution: {integrity: sha512-g7nH6P6dyDioJogAAGprGpCtVImJhpPk/roCzdb3fIh61/s/nPsfR6onyMwkCAR/OlC3yBC0lESvUoQEAssIrw==, registry: http://mirrors.cloud.tencent.com/npm/, tarball: https://mirrors.tencent.com/npm/depd/-/depd-2.0.0.tgz}
    name: depd
    version: 2.0.0
    engines: {node: '>= 0.8'}
    dev: false

  mirrors.tencent.com/destroy/1.2.0:
    resolution: {integrity: sha512-2sJGJTaXIIaR1w4iJSNoN0hnMY7Gpc/n8D4qSCJw8QqFWXf7cuAgnEHxBpweaVcPevC2l3KpjYCx3NypQQgaJg==, registry: http://mirrors.cloud.tencent.com/npm/, tarball: https://mirrors.tencent.com/npm/destroy/-/destroy-1.2.0.tgz}
    name: destroy
    version: 1.2.0
    engines: {node: '>= 0.8', npm: 1.2.8000 || >= 1.4.16}
    dev: false

  mirrors.tencent.com/ee-first/1.1.1:
    resolution: {integrity: sha1-WQxhFWsK4vTwJVcyoViyZrxWsh0=, registry: http://mirrors.cloud.tencent.com/npm/, tarball: https://mirrors.tencent.com/npm/ee-first/-/ee-first-1.1.1.tgz}
    name: ee-first
    version: 1.1.1
    dev: false

  mirrors.tencent.com/encodeurl/1.0.2:
    resolution: {integrity: sha1-rT/0yG7C0CkyL1oCw6mmBslbP1k=, registry: http://mirrors.cloud.tencent.com/npm/, tarball: https://mirrors.tencent.com/npm/encodeurl/-/encodeurl-1.0.2.tgz}
    name: encodeurl
    version: 1.0.2
    engines: {node: '>= 0.8'}
    dev: false

  mirrors.tencent.com/esbuild/0.18.16:
    resolution: {integrity: sha512-1xLsOXrDqwdHxyXb/x/SOyg59jpf/SH7YMvU5RNSU7z3TInaASNJWNFJ6iRvLvLETZMasF3d1DdZLg7sgRimRQ==, registry: http://mirrors.cloud.tencent.com/npm/, tarball: https://mirrors.tencent.com/npm/esbuild/-/esbuild-0.18.16.tgz}
    name: esbuild
    version: 0.18.16
    engines: {node: '>=12'}
    hasBin: true
    requiresBuild: true
    optionalDependencies:
      '@esbuild/android-arm': mirrors.tencent.com/@esbuild/android-arm/0.18.16
      '@esbuild/android-arm64': mirrors.tencent.com/@esbuild/android-arm64/0.18.16
      '@esbuild/android-x64': mirrors.tencent.com/@esbuild/android-x64/0.18.16
      '@esbuild/darwin-arm64': mirrors.tencent.com/@esbuild/darwin-arm64/0.18.16
      '@esbuild/darwin-x64': mirrors.tencent.com/@esbuild/darwin-x64/0.18.16
      '@esbuild/freebsd-arm64': mirrors.tencent.com/@esbuild/freebsd-arm64/0.18.16
      '@esbuild/freebsd-x64': mirrors.tencent.com/@esbuild/freebsd-x64/0.18.16
      '@esbuild/linux-arm': mirrors.tencent.com/@esbuild/linux-arm/0.18.16
      '@esbuild/linux-arm64': mirrors.tencent.com/@esbuild/linux-arm64/0.18.16
      '@esbuild/linux-ia32': mirrors.tencent.com/@esbuild/linux-ia32/0.18.16
      '@esbuild/linux-loong64': mirrors.tencent.com/@esbuild/linux-loong64/0.18.16
      '@esbuild/linux-mips64el': mirrors.tencent.com/@esbuild/linux-mips64el/0.18.16
      '@esbuild/linux-ppc64': mirrors.tencent.com/@esbuild/linux-ppc64/0.18.16
      '@esbuild/linux-riscv64': mirrors.tencent.com/@esbuild/linux-riscv64/0.18.16
      '@esbuild/linux-s390x': mirrors.tencent.com/@esbuild/linux-s390x/0.18.16
      '@esbuild/linux-x64': mirrors.tencent.com/@esbuild/linux-x64/0.18.16
      '@esbuild/netbsd-x64': mirrors.tencent.com/@esbuild/netbsd-x64/0.18.16
      '@esbuild/openbsd-x64': mirrors.tencent.com/@esbuild/openbsd-x64/0.18.16
      '@esbuild/sunos-x64': mirrors.tencent.com/@esbuild/sunos-x64/0.18.16
      '@esbuild/win32-arm64': mirrors.tencent.com/@esbuild/win32-arm64/0.18.16
      '@esbuild/win32-ia32': mirrors.tencent.com/@esbuild/win32-ia32/0.18.16
      '@esbuild/win32-x64': mirrors.tencent.com/@esbuild/win32-x64/0.18.16
    dev: true

  mirrors.tencent.com/escape-html/1.0.3:
    resolution: {integrity: sha1-Aljq5NPQwJdN4cFpGI7wBR0dGYg=, registry: http://mirrors.cloud.tencent.com/npm/, tarball: https://mirrors.tencent.com/npm/escape-html/-/escape-html-1.0.3.tgz}
    name: escape-html
    version: 1.0.3
    dev: false

  mirrors.tencent.com/fresh/0.5.2:
    resolution: {integrity: sha1-PYyt2Q2XZWn6g1qx+OSyOhBWBac=, registry: http://mirrors.cloud.tencent.com/npm/, tarball: https://mirrors.tencent.com/npm/fresh/-/fresh-0.5.2.tgz}
    name: fresh
    version: 0.5.2
    engines: {node: '>= 0.6'}
    dev: false

  mirrors.tencent.com/fsevents/2.3.2:
    resolution: {integrity: sha512-xiqMQR4xAeHTuB9uWm+fFRcIOgKBMiOBP+eXiyT7jsgVCq1bkVygt00oASowB7EdtpOHaaPgKt812P9ab+DDKA==, registry: http://mirrors.cloud.tencent.com/npm/, tarball: https://mirrors.tencent.com/npm/fsevents/-/fsevents-2.3.2.tgz}
    name: fsevents
    version: 2.3.2
    engines: {node: ^8.16.0 || ^10.6.0 || >=11.0.0}
    os: [darwin]
    requiresBuild: true
    dev: true
    optional: true

  mirrors.tencent.com/has-symbols/1.0.3:
    resolution: {integrity: sha512-l3LCuF6MgDNwTDKkdYGEihYjt5pRPbEg46rtlmnSPlUbgmB8LOIrKJbYYFBSbnPaJexMKtiPO8hmeRjRz2Td+A==, registry: http://mirrors.cloud.tencent.com/npm/, tarball: https://mirrors.tencent.com/npm/has-symbols/-/has-symbols-1.0.3.tgz}
    name: has-symbols
    version: 1.0.3
    engines: {node: '>= 0.4'}
    dev: false

  mirrors.tencent.com/has-tostringtag/1.0.0:
    resolution: {integrity: sha512-kFjcSNhnlGV1kyoGk7OXKSawH5JOb/LzUc5w9B02hOTO0dfFRjbHQKvg1d6cf3HbeUmtU9VbbV3qzZ2Teh97WQ==, registry: http://mirrors.cloud.tencent.com/npm/, tarball: https://mirrors.tencent.com/npm/has-tostringtag/-/has-tostringtag-1.0.0.tgz}
    name: has-tostringtag
    version: 1.0.0
    engines: {node: '>= 0.4'}
    dependencies:
      has-symbols: mirrors.tencent.com/has-symbols/1.0.3
    dev: false

  mirrors.tencent.com/http-assert/1.5.0:
    resolution: {integrity: sha512-uPpH7OKX4H25hBmU6G1jWNaqJGpTXxey+YOUizJUAgu0AjLUeC8D73hTrhvDS5D+GJN1DN1+hhc/eF/wpxtp0w==, registry: http://mirrors.cloud.tencent.com/npm/, tarball: https://mirrors.tencent.com/npm/http-assert/-/http-assert-1.5.0.tgz}
    name: http-assert
    version: 1.5.0
    engines: {node: '>= 0.8'}
    dependencies:
      deep-equal: mirrors.tencent.com/deep-equal/1.0.1
      http-errors: mirrors.tencent.com/http-errors/1.8.1
    dev: false

  mirrors.tencent.com/http-errors/1.8.1:
    resolution: {integrity: sha512-Kpk9Sm7NmI+RHhnj6OIWDI1d6fIoFAtFt9RLaTMRlg/8w49juAStsrBgp0Dp4OdxdVbRIeKhtCUvoi/RuAhO4g==, registry: http://mirrors.cloud.tencent.com/npm/, tarball: https://mirrors.tencent.com/npm/http-errors/-/http-errors-1.8.1.tgz}
    name: http-errors
    version: 1.8.1
    engines: {node: '>= 0.6'}
    dependencies:
      depd: mirrors.tencent.com/depd/1.1.2
      inherits: 2.0.4
      setprototypeof: mirrors.tencent.com/setprototypeof/1.2.0
      statuses: mirrors.tencent.com/statuses/1.5.0
      toidentifier: mirrors.tencent.com/toidentifier/1.0.1
    dev: false

  mirrors.tencent.com/is-generator-function/1.0.10:
    resolution: {integrity: sha512-jsEjy9l3yiXEQ+PsXdmBwEPcOxaXWLspKdplFUVI9vq1iZgIekeC0L167qeu86czQaxed3q/Uzuw0swL0irL8A==, registry: http://mirrors.cloud.tencent.com/npm/, tarball: https://mirrors.tencent.com/npm/is-generator-function/-/is-generator-function-1.0.10.tgz}
    name: is-generator-function
    version: 1.0.10
    engines: {node: '>= 0.4'}
    dependencies:
      has-tostringtag: mirrors.tencent.com/has-tostringtag/1.0.0
    dev: false

  mirrors.tencent.com/isexe/2.0.0:
    resolution: {integrity: sha1-6PvzdNxVb/iUehDcsFctYz8s+hA=, registry: http://mirrors.cloud.tencent.com/npm/, tarball: https://mirrors.tencent.com/npm/isexe/-/isexe-2.0.0.tgz}
    name: isexe
    version: 2.0.0
    dev: true

  mirrors.tencent.com/keygrip/1.1.0:
    resolution: {integrity: sha512-iYSchDJ+liQ8iwbSI2QqsQOvqv58eJCEanyJPJi+Khyu8smkcKSFUCbPwzFcL7YVtZ6eONjqRX/38caJ7QjRAQ==, registry: http://mirrors.cloud.tencent.com/npm/, tarball: https://mirrors.tencent.com/npm/keygrip/-/keygrip-1.1.0.tgz}
    name: keygrip
    version: 1.1.0
    engines: {node: '>= 0.6'}
    dependencies:
      tsscmp: mirrors.tencent.com/tsscmp/1.0.6
    dev: false

  mirrors.tencent.com/koa-compose/4.1.0:
    resolution: {integrity: sha512-8ODW8TrDuMYvXRwra/Kh7/rJo9BtOfPc6qO8eAfC80CnCvSjSl0bkRM24X6/XBBEyj0v1nRUQ1LyOy3dbqOWXw==, registry: http://mirrors.cloud.tencent.com/npm/, tarball: https://mirrors.tencent.com/npm/koa-compose/-/koa-compose-4.1.0.tgz}
    name: koa-compose
    version: 4.1.0
    dev: false

  mirrors.tencent.com/koa-convert/2.0.0:
    resolution: {integrity: sha512-asOvN6bFlSnxewce2e/DK3p4tltyfC4VM7ZwuTuepI7dEQVcvpyFuBcEARu1+Hxg8DIwytce2n7jrZtRlPrARA==, registry: http://mirrors.cloud.tencent.com/npm/, tarball: https://mirrors.tencent.com/npm/koa-convert/-/koa-convert-2.0.0.tgz}
    name: koa-convert
    version: 2.0.0
    engines: {node: '>= 10'}
    dependencies:
      co: mirrors.tencent.com/co/4.6.0
      koa-compose: mirrors.tencent.com/koa-compose/4.1.0
    dev: false

  mirrors.tencent.com/koa/2.14.2:
    resolution: {integrity: sha512-VFI2bpJaodz6P7x2uyLiX6RLYpZmOJqNmoCst/Yyd7hQlszyPwG/I9CQJ63nOtKSxpt5M7NH67V6nJL2BwCl7g==, registry: http://mirrors.cloud.tencent.com/npm/, tarball: https://mirrors.tencent.com/npm/koa/-/koa-2.14.2.tgz}
    name: koa
    version: 2.14.2
    engines: {node: ^4.8.4 || ^6.10.1 || ^7.10.1 || >= 8.1.4}
    dependencies:
      accepts: mirrors.tencent.com/accepts/1.3.8
      cache-content-type: mirrors.tencent.com/cache-content-type/1.0.1
      content-disposition: mirrors.tencent.com/content-disposition/0.5.4
      content-type: mirrors.tencent.com/content-type/1.0.5
      cookies: mirrors.tencent.com/cookies/0.8.0
      debug: mirrors.tencent.com/debug/4.3.4
      delegates: mirrors.tencent.com/delegates/1.0.0
      depd: mirrors.tencent.com/depd/2.0.0
      destroy: mirrors.tencent.com/destroy/1.2.0
      encodeurl: mirrors.tencent.com/encodeurl/1.0.2
      escape-html: mirrors.tencent.com/escape-html/1.0.3
      fresh: mirrors.tencent.com/fresh/0.5.2
      http-assert: mirrors.tencent.com/http-assert/1.5.0
      http-errors: mirrors.tencent.com/http-errors/1.8.1
      is-generator-function: mirrors.tencent.com/is-generator-function/1.0.10
      koa-compose: mirrors.tencent.com/koa-compose/4.1.0
      koa-convert: mirrors.tencent.com/koa-convert/2.0.0
      on-finished: mirrors.tencent.com/on-finished/2.4.1
      only: mirrors.tencent.com/only/0.0.2
      parseurl: mirrors.tencent.com/parseurl/1.3.3
      statuses: mirrors.tencent.com/statuses/1.5.0
      type-is: mirrors.tencent.com/type-is/1.6.18
      vary: mirrors.tencent.com/vary/1.1.2
    transitivePeerDependencies:
      - supports-color
    dev: false

  mirrors.tencent.com/media-typer/0.3.0:
    resolution: {integrity: sha1-hxDXrwqmJvj/+hzgAWhUUmMlV0g=, registry: http://mirrors.cloud.tencent.com/npm/, tarball: https://mirrors.tencent.com/npm/media-typer/-/media-typer-0.3.0.tgz}
    name: media-typer
    version: 0.3.0
    engines: {node: '>= 0.6'}
    dev: false

  mirrors.tencent.com/mime-db/1.52.0:
    resolution: {integrity: sha512-sPU4uV7dYlvtWJxwwxHD0PuihVNiE7TyAbQ5SWxDCB9mUYvOgroQOwYQQOKPJ8CIbE+1ETVlOoK1UC2nU3gYvg==, registry: http://mirrors.cloud.tencent.com/npm/, tarball: https://mirrors.tencent.com/npm/mime-db/-/mime-db-1.52.0.tgz}
    name: mime-db
    version: 1.52.0
    engines: {node: '>= 0.6'}
    dev: false

  mirrors.tencent.com/mime-types/2.1.35:
    resolution: {integrity: sha512-ZDY+bPm5zTTF+YpCrAU9nK0UgICYPT0QtT1NZWFv4s++TNkcgVaT0g6+4R2uI4MjQjzysHB1zxuWL50hzaeXiw==, registry: http://mirrors.cloud.tencent.com/npm/, tarball: https://mirrors.tencent.com/npm/mime-types/-/mime-types-2.1.35.tgz}
    name: mime-types
    version: 2.1.35
    engines: {node: '>= 0.6'}
    dependencies:
      mime-db: mirrors.tencent.com/mime-db/1.52.0
    dev: false

  mirrors.tencent.com/ms/2.1.2:
    resolution: {integrity: sha512-sGkPx+VjMtmA6MX27oA4FBFELFCZZ4S4XqeGOXCv68tT+jb3vk/RyaKWP0PTKyWtmLSM0b+adUTEvbs1PEaH2w==, registry: http://mirrors.cloud.tencent.com/npm/, tarball: https://mirrors.tencent.com/npm/ms/-/ms-2.1.2.tgz}
    name: ms
    version: 2.1.2
    dev: false

  mirrors.tencent.com/nanoid/3.3.6:
    resolution: {integrity: sha512-BGcqMMJuToF7i1rt+2PWSNVnWIkGCU78jBG3RxO/bZlnZPK2Cmi2QaffxGO/2RvWi9sL+FAiRiXMgsyxQ1DIDA==, registry: http://mirrors.cloud.tencent.com/npm/, tarball: https://mirrors.tencent.com/npm/nanoid/-/nanoid-3.3.6.tgz}
    name: nanoid
    version: 3.3.6
    engines: {node: ^10 || ^12 || ^13.7 || ^14 || >=15.0.1}
    hasBin: true
    dev: true

  mirrors.tencent.com/negotiator/0.6.3:
    resolution: {integrity: sha512-+EUsqGPLsM+j/zdChZjsnX51g4XrHFOIXwfnCVPGlQk/k5giakcKsuxCObBRu6DSm9opw/O6slWbJdghQM4bBg==, registry: http://mirrors.cloud.tencent.com/npm/, tarball: https://mirrors.tencent.com/npm/negotiator/-/negotiator-0.6.3.tgz}
    name: negotiator
    version: 0.6.3
    engines: {node: '>= 0.6'}
    dev: false

  mirrors.tencent.com/on-finished/2.4.1:
    resolution: {integrity: sha512-oVlzkg3ENAhCk2zdv7IJwd/QUD4z2RxRwpkcGY8psCVcCYZNq4wYnVWALHM+brtuJjePWiYF/ClmuDr8Ch5+kg==, registry: http://mirrors.cloud.tencent.com/npm/, tarball: https://mirrors.tencent.com/npm/on-finished/-/on-finished-2.4.1.tgz}
    name: on-finished
    version: 2.4.1
    engines: {node: '>= 0.8'}
    dependencies:
      ee-first: mirrors.tencent.com/ee-first/1.1.1
    dev: false

  mirrors.tencent.com/only/0.0.2:
    resolution: {integrity: sha1-Kv3oTQPlC5qO3EROMGEKcCle37Q=, registry: http://mirrors.cloud.tencent.com/npm/, tarball: https://mirrors.tencent.com/npm/only/-/only-0.0.2.tgz}
    name: only
    version: 0.0.2
    dev: false

  mirrors.tencent.com/parseurl/1.3.3:
    resolution: {integrity: sha512-CiyeOxFT/JZyN5m0z9PfXw4SCBJ6Sygz1Dpl0wqjlhDEGGBP1GnsUVEL0p63hoG1fcj3fHynXi9NYO4nWOL+qQ==, registry: http://mirrors.cloud.tencent.com/npm/, tarball: https://mirrors.tencent.com/npm/parseurl/-/parseurl-1.3.3.tgz}
    name: parseurl
    version: 1.3.3
    engines: {node: '>= 0.8'}
    dev: false

  mirrors.tencent.com/path-key/3.1.1:
    resolution: {integrity: sha512-ojmeN0qd+y0jszEtoY48r0Peq5dwMEkIlCOu6Q5f41lfkswXuKtYrhgoTpLnyIcHm24Uhqx+5Tqm2InSwLhE6Q==, registry: http://mirrors.cloud.tencent.com/npm/, tarball: https://mirrors.tencent.com/npm/path-key/-/path-key-3.1.1.tgz}
    name: path-key
    version: 3.1.1
    engines: {node: '>=8'}
    dev: true

  mirrors.tencent.com/picocolors/1.0.0:
    resolution: {integrity: sha512-1fygroTLlHu66zi26VoTDv8yRgm0Fccecssto+MhsZ0D/DGW2sm8E8AjW7NU5VVTRt5GxbeZ5qBuJr+HyLYkjQ==, registry: http://mirrors.cloud.tencent.com/npm/, tarball: https://mirrors.tencent.com/npm/picocolors/-/picocolors-1.0.0.tgz}
    name: picocolors
    version: 1.0.0
    dev: true

  mirrors.tencent.com/postcss/8.4.27:
    resolution: {integrity: sha512-gY/ACJtJPSmUFPDCHtX78+01fHa64FaU4zaaWfuh1MhGJISufJAH4cun6k/8fwsHYeK4UQmENQK+tRLCFJE8JQ==, registry: http://mirrors.cloud.tencent.com/npm/, tarball: https://mirrors.tencent.com/npm/postcss/-/postcss-8.4.27.tgz}
    name: postcss
    version: 8.4.27
    engines: {node: ^10 || ^12 || >=14}
    dependencies:
      nanoid: mirrors.tencent.com/nanoid/3.3.6
      picocolors: mirrors.tencent.com/picocolors/1.0.0
      source-map-js: mirrors.tencent.com/source-map-js/1.0.2
    dev: true

  mirrors.tencent.com/rollup/3.26.3:
    resolution: {integrity: sha512-7Tin0C8l86TkpcMtXvQu6saWH93nhG3dGQ1/+l5V2TDMceTxO7kDiK6GzbfLWNNxqJXm591PcEZUozZm51ogwQ==, registry: http://mirrors.cloud.tencent.com/npm/, tarball: https://mirrors.tencent.com/npm/rollup/-/rollup-3.26.3.tgz}
    name: rollup
    version: 3.26.3
    engines: {node: '>=14.18.0', npm: '>=8.0.0'}
    hasBin: true
    optionalDependencies:
      fsevents: mirrors.tencent.com/fsevents/2.3.2
    dev: true

  mirrors.tencent.com/safe-buffer/5.2.1:
    resolution: {integrity: sha512-rp3So07KcdmmKbGvgaNxQSJr7bGVSVk5S9Eq1F+ppbRo70+YeaDxkw5Dd8NPN+GD6bjnYm2VuPuCXmpuYvmCXQ==, registry: http://mirrors.cloud.tencent.com/npm/, tarball: https://mirrors.tencent.com/npm/safe-buffer/-/safe-buffer-5.2.1.tgz}
    name: safe-buffer
    version: 5.2.1
    dev: false

  mirrors.tencent.com/setprototypeof/1.2.0:
    resolution: {integrity: sha512-E5LDX7Wrp85Kil5bhZv46j8jOeboKq5JMmYM3gVGdGH8xFpPWXUMsNrlODCrkoxMEeNi/XZIwuRvY4XNwYMJpw==, registry: http://mirrors.cloud.tencent.com/npm/, tarball: https://mirrors.tencent.com/npm/setprototypeof/-/setprototypeof-1.2.0.tgz}
    name: setprototypeof
    version: 1.2.0
    dev: false

  mirrors.tencent.com/shebang-command/2.0.0:
    resolution: {integrity: sha512-kHxr2zZpYtdmrN1qDjrrX/Z1rR1kG8Dx+gkpK1G4eXmvXswmcE1hTWBWYUzlraYw1/yZp6YuDY77YtvbN0dmDA==, registry: http://mirrors.cloud.tencent.com/npm/, tarball: https://mirrors.tencent.com/npm/shebang-command/-/shebang-command-2.0.0.tgz}
    name: shebang-command
    version: 2.0.0
    engines: {node: '>=8'}
    dependencies:
      shebang-regex: mirrors.tencent.com/shebang-regex/3.0.0
    dev: true

  mirrors.tencent.com/shebang-regex/3.0.0:
    resolution: {integrity: sha512-7++dFhtcx3353uBaq8DDR4NuxBetBzC7ZQOhmTQInHEd6bSrXdiEyzCvG07Z44UYdLShWUyXt5M/yhz8ekcb1A==, registry: http://mirrors.cloud.tencent.com/npm/, tarball: https://mirrors.tencent.com/npm/shebang-regex/-/shebang-regex-3.0.0.tgz}
    name: shebang-regex
    version: 3.0.0
    engines: {node: '>=8'}
    dev: true

  mirrors.tencent.com/source-map-js/1.0.2:
    resolution: {integrity: sha512-R0XvVJ9WusLiqTCEiGCmICCMplcCkIwwR11mOSD9CR5u+IXYdiseeEuXCVAjS54zqwkLcPNnmU4OeJ6tUrWhDw==, registry: http://mirrors.cloud.tencent.com/npm/, tarball: https://mirrors.tencent.com/npm/source-map-js/-/source-map-js-1.0.2.tgz}
    name: source-map-js
    version: 1.0.2
    engines: {node: '>=0.10.0'}
    dev: true

  mirrors.tencent.com/statuses/1.5.0:
    resolution: {integrity: sha1-Fhx9rBd2Wf2YEfQ3cfqZOBR4Yow=, registry: http://mirrors.cloud.tencent.com/npm/, tarball: https://mirrors.tencent.com/npm/statuses/-/statuses-1.5.0.tgz}
    name: statuses
    version: 1.5.0
    engines: {node: '>= 0.6'}
    dev: false

  mirrors.tencent.com/toidentifier/1.0.1:
    resolution: {integrity: sha512-o5sSPKEkg/DIQNmH43V0/uerLrpzVedkUh8tGNvaeXpfpuwjKenlSox/2O/BTlZUtEe+JG7s5YhEz608PlAHRA==, registry: http://mirrors.cloud.tencent.com/npm/, tarball: https://mirrors.tencent.com/npm/toidentifier/-/toidentifier-1.0.1.tgz}
    name: toidentifier
    version: 1.0.1
    engines: {node: '>=0.6'}
    dev: false

  mirrors.tencent.com/tsscmp/1.0.6:
    resolution: {integrity: sha512-LxhtAkPDTkVCMQjt2h6eBVY28KCjikZqZfMcC15YBeNjkgUpdCfBu5HoiOTDu86v6smE8yOjyEktJ8hlbANHQA==, registry: http://mirrors.cloud.tencent.com/npm/, tarball: https://mirrors.tencent.com/npm/tsscmp/-/tsscmp-1.0.6.tgz}
    name: tsscmp
    version: 1.0.6
    engines: {node: '>=0.6.x'}
    dev: false

  mirrors.tencent.com/type-is/1.6.18:
    resolution: {integrity: sha512-TkRKr9sUTxEH8MdfuCSP7VizJyzRNMjj2J2do2Jr3Kym598JVdEksuzPQCnlFPW4ky9Q+iA+ma9BGm06XQBy8g==, registry: http://mirrors.cloud.tencent.com/npm/, tarball: https://mirrors.tencent.com/npm/type-is/-/type-is-1.6.18.tgz}
    name: type-is
    version: 1.6.18
    engines: {node: '>= 0.6'}
    dependencies:
      media-typer: mirrors.tencent.com/media-typer/0.3.0
      mime-types: mirrors.tencent.com/mime-types/2.1.35
    dev: false

  mirrors.tencent.com/typescript/5.1.6:
    resolution: {integrity: sha512-zaWCozRZ6DLEWAWFrVDz1H6FVXzUSfTy5FUMWsQlU8Ym5JP9eO4xkTIROFCQvhQf61z6O/G6ugw3SgAnvvm+HA==, registry: http://mirrors.cloud.tencent.com/npm/, tarball: https://mirrors.tencent.com/npm/typescript/-/typescript-5.1.6.tgz}
    name: typescript
    version: 5.1.6
    engines: {node: '>=14.17'}
    hasBin: true
    dev: true

  mirrors.tencent.com/vary/1.1.2:
    resolution: {integrity: sha1-IpnwLG3tMNSllhsLn3RSShj2NPw=, registry: http://mirrors.cloud.tencent.com/npm/, tarball: https://mirrors.tencent.com/npm/vary/-/vary-1.1.2.tgz}
    name: vary
    version: 1.1.2
    engines: {node: '>= 0.8'}
    dev: false

  mirrors.tencent.com/vite/4.4.7_@types+node@20.4.4:
    resolution: {integrity: sha512-6pYf9QJ1mHylfVh39HpuSfMPojPSKVxZvnclX1K1FyZ1PXDOcLBibdq5t1qxJSnL63ca8Wf4zts6mD8u8oc9Fw==, registry: http://mirrors.cloud.tencent.com/npm/, tarball: https://mirrors.tencent.com/npm/vite/-/vite-4.4.7.tgz}
    id: mirrors.tencent.com/vite/4.4.7
    name: vite
    version: 4.4.7
    engines: {node: ^14.18.0 || >=16.0.0}
    hasBin: true
    peerDependencies:
      '@types/node': '>= 14'
      less: '*'
      lightningcss: ^1.21.0
      sass: '*'
      stylus: '*'
      sugarss: '*'
      terser: ^5.4.0
    peerDependenciesMeta:
      '@types/node':
        optional: true
      less:
        optional: true
      lightningcss:
        optional: true
      sass:
        optional: true
      stylus:
        optional: true
      sugarss:
        optional: true
      terser:
        optional: true
    dependencies:
      '@types/node': mirrors.tencent.com/@types/node/20.4.4
      esbuild: mirrors.tencent.com/esbuild/0.18.16
      postcss: mirrors.tencent.com/postcss/8.4.27
      rollup: mirrors.tencent.com/rollup/3.26.3
    optionalDependencies:
      fsevents: mirrors.tencent.com/fsevents/2.3.2
    dev: true

  mirrors.tencent.com/which/2.0.2:
    resolution: {integrity: sha512-BLI3Tl1TW3Pvl70l3yq3Y64i+awpwXqsGBYWkkqMtnbXgrMD+yj7rhW0kuEDxzJaYXGjEW5ogapKNMEKNMjibA==, registry: http://mirrors.cloud.tencent.com/npm/, tarball: https://mirrors.tencent.com/npm/which/-/which-2.0.2.tgz}
    name: which
    version: 2.0.2
    engines: {node: '>= 8'}
    hasBin: true
    dependencies:
      isexe: mirrors.tencent.com/isexe/2.0.0
    dev: true

  mirrors.tencent.com/ylru/1.3.2:
    resolution: {integrity: sha512-RXRJzMiK6U2ye0BlGGZnmpwJDPgakn6aNQ0A7gHRbD4I0uvK4TW6UqkK1V0pp9jskjJBAXd3dRrbzWkqJ+6cxA==, registry: http://mirrors.cloud.tencent.com/npm/, tarball: https://mirrors.tencent.com/npm/ylru/-/ylru-1.3.2.tgz}
    name: ylru
    version: 1.3.2
    engines: {node: '>= 4.0.0'}
    dev: false
